Microsoft Visual Studio Solution File, Format Version 12.00
# Visual Studio Version 17
VisualStudioVersion = 17.5.2.0
MinimumVisualStudioVersion = 10.0.40219.1
Project("{FAE04EC0-301F-11D3-BF4B-00C04F79EFBC}") = "InventoryManagementBackend", "InventoryManagementBackend\InventoryManagementBackend.csproj", "{54B6079F-D516-5AB4-53F2-F3911C3E65EC}"
EndProject
Global
	GlobalSection(SolutionConfigurationPlatforms) = preSolution
		Debug|Any CPU = Debug|Any CPU
		Release|Any CPU = Release|Any CPU
	EndGlobalSection
	GlobalSection(ProjectConfigurationPlatforms) = postSolution
		{54B6079F-D516-5AB4-53F2-F3911C3E65EC}.Debug|Any CPU.ActiveCfg = Debug|Any CPU
		{54B6079F-D516-5AB4-53F2-F3911C3E65EC}.Debug|Any CPU.Build.0 = Debug|Any CPU
		{54B6079F-D516-5AB4-53F2-F3911C3E65EC}.Release|Any CPU.ActiveCfg = Release|Any CPU
		{54B6079F-D516-5AB4-53F2-F3911C3E65EC}.Release|Any CPU.Build.0 = Release|Any CPU
	EndGlobalSection
	GlobalSection(SolutionProperties) = preSolution
		HideSolutionNode = FALSE
	EndGlobalSection
	GlobalSection(ExtensibilityGlobals) = postSolution
		SolutionGuid = {DD976958-226B-4212-9391-72C79BCF51BE}
	EndGlobalSection
EndGlobal
